<Solution>
  <Folder Name="/src/">
    <Project Path="src/LupiraLocationApi.Core/LupiraLocationApi.Core.csproj" />
    <Project Path="src/LupiraLocationApi/LupiraLocationApi.csproj" />
  </Folder>
  <Folder Name="/tests/">
    <Project Path="tests/LupiraLocationApi.UnitTests/LupiraLocationApi.UnitTests.csproj" />
  </Folder>
</Solution>
