<Solution>
  <Folder Name="/src/">
    <Project Path="src/LupiraLocationApi.Core/LupiraLocationApi.Core.csproj" />
    <Project Path="src/LupiraLocationApi/LupiraLocationApi.csproj" />
  </Folder>
  <Folder Name="/tests/">
    <Project Path="tests/LupiraLocationApi.Core.Tests/LupiraLocationApi.Core.Tests.csproj" />
    <Project Path="tests/LupiraLocationApi.Server.Tests/LupiraLocationApi.Server.Tests.csproj" />
  </Folder>
</Solution>
